# This file is generated by running "yarn install" inside your project.
# Manual changes might be lost - proceed with caution!

__metadata:
  version: 4
  cacheKey: 8

"@babel/runtime@npm:^7.1.2, @babel/runtime@npm:^7.7.6":
  version: 7.15.4
  resolution: "@babel/runtime@npm:7.15.4"
  dependencies:
    regenerator-runtime: ^0.13.4
  checksum: c40825430400e47c19b97e4142d5315d2910305b9714d44a711472587ee2fd4521fdba5f02ddd9df3902f5e988d9854fa83f4da1e0c091f70f6983fa52480606
  languageName: node
  linkType: hard

"@package/a@workspace:packages/package-a":
  version: 0.0.0-use.local
  resolution: "@package/a@workspace:packages/package-a"
  dependencies:
    history: ^5.0.0
  languageName: unknown
  linkType: soft

"@package/b@workspace:packages/package-b":
  version: 0.0.0-use.local
  resolution: "@package/b@workspace:packages/package-b"
  dependencies:
    "@types/history": 4.7.3
    history: ^4.9.0
  languageName: unknown
  linkType: soft

"@types/history@npm:4.7.3":
  version: 4.7.3
  resolution: "@types/history@npm:4.7.3"
  checksum: e768adc6af27a9ca1df9e5e4f07daa723e3ac9c38b0f91cc2fc7f0216dfa9886b2ff2be7d0ccbeaaa9fbc6e92e709a8d7960fc62cb1271f95ab46be11e89c3ac
  languageName: node
  linkType: hard

"history@npm:^4.9.0":
  version: 4.10.1
  resolution: "history@npm:4.10.1"
  dependencies:
    "@babel/runtime": ^7.1.2
    loose-envify: ^1.2.0
    resolve-pathname: ^3.0.0
    tiny-invariant: ^1.0.2
    tiny-warning: ^1.0.0
    value-equal: ^1.0.1
  checksum: addd84bc4683929bae4400419b5af132ff4e4e9b311a0d4e224579ea8e184a6b80d7f72c55927e4fa117f69076a9e47ce082d8d0b422f1a9ddac7991490ca1d0
  languageName: node
  linkType: hard

"history@npm:^5.0.0":
  version: 5.0.1
  resolution: "history@npm:5.0.1"
  dependencies:
    "@babel/runtime": ^7.7.6
  checksum: ec14960f422cc53eaea47f0a07c0b666241687386c0947178579c707c4d813b35d5ff3a06e2bb3f8d40193541811f366d990ac654aaf7a43d334abf63a2b4b63
  languageName: node
  linkType: hard

"js-tokens@npm:^3.0.0 || ^4.0.0":
  version: 4.0.0
  resolution: "js-tokens@npm:4.0.0"
  checksum: 8a95213a5a77deb6cbe94d86340e8d9ace2b93bc367790b260101d2f36a2eaf4e4e22d9fa9cf459b38af3a32fb4190e638024cf82ec95ef708680e405ea7cc78
  languageName: node
  linkType: hard

"loose-envify@npm:^1.2.0":
  version: 1.4.0
  resolution: "loose-envify@npm:1.4.0"
  dependencies:
    js-tokens: ^3.0.0 || ^4.0.0
  bin:
    loose-envify: cli.js
  checksum: 6517e24e0cad87ec9888f500c5b5947032cdfe6ef65e1c1936a0c48a524b81e65542c9c3edc91c97d5bddc806ee2a985dbc79be89215d613b1de5db6d1cfe6f4
  languageName: node
  linkType: hard

"regenerator-runtime@npm:^0.13.4":
  version: 0.13.9
  resolution: "regenerator-runtime@npm:0.13.9"
  checksum: 65ed455fe5afd799e2897baf691ca21c2772e1a969d19bb0c4695757c2d96249eb74ee3553ea34a91062b2a676beedf630b4c1551cc6299afb937be1426ec55e
  languageName: node
  linkType: hard

"resolve-pathname@npm:^3.0.0":
  version: 3.0.0
  resolution: "resolve-pathname@npm:3.0.0"
  checksum: 6147241ba42c423dbe83cb067a2b4af4f60908c3af57e1ea567729cc71416c089737fe2a73e9e79e7a60f00f66c91e4b45ad0d37cd4be2d43fec44963ef14368
  languageName: node
  linkType: hard

"tiny-invariant@npm:^1.0.2":
  version: 1.1.0
  resolution: "tiny-invariant@npm:1.1.0"
  checksum: 27d29bbb9e1d1d86e25766711c28ad91af6d67c87d561167077ac7fbce5212b97bbfe875e70bc369808e075748c825864c9b61f0e9f8652275ec86bcf4dcc924
  languageName: node
  linkType: hard

"tiny-warning@npm:^1.0.0":
  version: 1.0.3
  resolution: "tiny-warning@npm:1.0.3"
  checksum: da62c4acac565902f0624b123eed6dd3509bc9a8d30c06e017104bedcf5d35810da8ff72864400ad19c5c7806fc0a8323c68baf3e326af7cb7d969f846100d71
  languageName: node
  linkType: hard

typescript@4.4.3:
  version: 4.4.3
  resolution: "typescript@npm:4.4.3"
  bin:
    tsc: bin/tsc
    tsserver: bin/tsserver
  checksum: 05823f21796d450531a7e4ab299715d38fd9ded0e4ce7400876053f4b5166ca3dde7a68cecfe72d9086039f03c0b6edba36516fb10ed83c5837d9600532ea4c2
  languageName: node
  linkType: hard

"typescript@patch:typescript@4.4.3#~builtin<compat/typescript>":
  version: 4.4.3
  resolution: "typescript@patch:typescript@npm%3A4.4.3#~builtin<compat/typescript>::version=4.4.3&hash=32657b"
  bin:
    tsc: bin/tsc
    tsserver: bin/tsserver
  checksum: 28ab98313afab46788ff41014fdb5932430ada6e03cf9e92ac47f406526a2cac1ae2894834e7da61e46b7429318e9c47f45ba8de323332f0cb9af99b72ebae74
  languageName: node
  linkType: hard

"typingsrepro@workspace:.":
  version: 0.0.0-use.local
  resolution: "typingsrepro@workspace:."
  dependencies:
    typescript: 4.4.3
  languageName: unknown
  linkType: soft

"value-equal@npm:^1.0.1":
  version: 1.0.1
  resolution: "value-equal@npm:1.0.1"
  checksum: bb7ae1facc76b5cf8071aeb6c13d284d023fdb370478d10a5d64508e0e6e53bb459c4bbe34258df29d82e6f561f874f0105eba38de0e61fe9edd0bdce07a77a2
  languageName: node
  linkType: hard
